
Microsoft Visual Studio Solution File, Format Version 12.00
# Visual Studio Version 17
VisualStudioVersion = 17.9.34723.18
MinimumVisualStudioVersion = 10.0.40219.1
Project("{9A19103F-16F7-4668-BE54-9A1E7A4F7556}") = "ProyectoFinal", "ProyectoFinal\ProyectoFinal.csproj", "{3E00BD83-8D29-4E0C-A56A-15A245FDB9CA}"
EndProject
Project("{FAE04EC0-301F-11D3-BF4B-00C04F79EFBC}") = "Login", "Login\Login.csproj", "{2AA4D1AA-0E89-4D83-842D-E91A11AAAA56}"
	ProjectSection(ProjectDependencies) = postProject
		{3E00BD83-8D29-4E0C-A56A-15A245FDB9CA} = {3E00BD83-8D29-4E0C-A56A-15A245FDB9CA}
	EndProjectSection
EndProject
Global
	GlobalSection(SolutionConfigurationPlatforms) = preSolution
		Debug|Any CPU = Debug|Any CPU
		Release|Any CPU = Release|Any CPU
	EndGlobalSection
	GlobalSection(ProjectConfigurationPlatforms) = postSolution
		{3E00BD83-8D29-4E0C-A56A-15A245FDB9CA}.Debug|Any CPU.ActiveCfg = Debug|Any CPU
		{3E00BD83-8D29-4E0C-A56A-15A245FDB9CA}.Debug|Any CPU.Build.0 = Debug|Any CPU
		{3E00BD83-8D29-4E0C-A56A-15A245FDB9CA}.Release|Any CPU.ActiveCfg = Release|Any CPU
		{3E00BD83-8D29-4E0C-A56A-15A245FDB9CA}.Release|Any CPU.Build.0 = Release|Any CPU
		{2AA4D1AA-0E89-4D83-842D-E91A11AAAA56}.Debug|Any CPU.ActiveCfg = Debug|Any CPU
		{2AA4D1AA-0E89-4D83-842D-E91A11AAAA56}.Debug|Any CPU.Build.0 = Debug|Any CPU
		{2AA4D1AA-0E89-4D83-842D-E91A11AAAA56}.Release|Any CPU.ActiveCfg = Release|Any CPU
		{2AA4D1AA-0E89-4D83-842D-E91A11AAAA56}.Release|Any CPU.Build.0 = Release|Any CPU
	EndGlobalSection
	GlobalSection(SolutionProperties) = preSolution
		HideSolutionNode = FALSE
	EndGlobalSection
	GlobalSection(ExtensibilityGlobals) = postSolution
		SolutionGuid = {11FE1555-7BC3-4882-9921-DDC0E9D0FF0C}
	EndGlobalSection
EndGlobal
